
Microsoft Visual Studio Solution File, Format Version 12.00
# Visual Studio 15
Project("{FAE04EC0-301F-11D3-BF4B-00C04F79EFBC}") = "UnityEngine.UI", "UnityEngine.UI.csproj", "{392F4EEA-677E-80E3-0A58-A0804ECF464E}"
EndProject
Project("{FAE04EC0-301F-11D3-BF4B-00C04F79EFBC}") = "Assembly-CSharp", "Assembly-CSharp.csproj", "{760C3C8E-4038-4128-6F13-A5C3379F636E}"
EndProject
Project("{FAE04EC0-301F-11D3-BF4B-00C04F79EFBC}") = "UnityEditor.UI", "UnityEditor.UI.csproj", "{C0F18C32-2A0B-867D-BBB5-1C9545FEE98D}"
EndProject
Global
	GlobalSection(SolutionConfigurationPlatforms) = preSolution
		Debug|Any CPU = Debug|Any CPU
		Release|Any CPU = Release|Any CPU
	EndGlobalSection
	GlobalSection(ProjectConfigurationPlatforms) = postSolution
		{392F4EEA-677E-80E3-0A58-A0804ECF464E}.Debug|Any CPU.ActiveCfg = Debug|Any CPU
		{392F4EEA-677E-80E3-0A58-A0804ECF464E}.Debug|Any CPU.Build.0 = Debug|Any CPU
		{392F4EEA-677E-80E3-0A58-A0804ECF464E}.Release|Any CPU.ActiveCfg = Release|Any CPU
		{392F4EEA-677E-80E3-0A58-A0804ECF464E}.Release|Any CPU.Build.0 = Release|Any CPU
		{760C3C8E-4038-4128-6F13-A5C3379F636E}.Debug|Any CPU.ActiveCfg = Debug|Any CPU
		{760C3C8E-4038-4128-6F13-A5C3379F636E}.Debug|Any CPU.Build.0 = Debug|Any CPU
		{760C3C8E-4038-4128-6F13-A5C3379F636E}.Release|Any CPU.ActiveCfg = Release|Any CPU
		{760C3C8E-4038-4128-6F13-A5C3379F636E}.Release|Any CPU.Build.0 = Release|Any CPU
		{C0F18C32-2A0B-867D-BBB5-1C9545FEE98D}.Debug|Any CPU.ActiveCfg = Debug|Any CPU
		{C0F18C32-2A0B-867D-BBB5-1C9545FEE98D}.Debug|Any CPU.Build.0 = Debug|Any CPU
		{C0F18C32-2A0B-867D-BBB5-1C9545FEE98D}.Release|Any CPU.ActiveCfg = Release|Any CPU
		{C0F18C32-2A0B-867D-BBB5-1C9545FEE98D}.Release|Any CPU.Build.0 = Release|Any CPU
	EndGlobalSection
	GlobalSection(SolutionProperties) = preSolution
		HideSolutionNode = FALSE
	EndGlobalSection
EndGlobal
